
Microsoft Visual Studio Solution File, Format Version 12.00
# Visual Studio Version 16
VisualStudioVersion = 16.0.31321.278
MinimumVisualStudioVersion = 10.0.40219.1
Project("{FAE04EC0-301F-11D3-BF4B-00C04F79EFBC}") = "ItogovProjectM16", "ItogovProjectM16\ItogovProjectM16.csproj", "{0D9BD78E-3004-4ADA-856E-B57D094EE18C}"
EndProject
Project("{FAE04EC0-301F-11D3-BF4B-00C04F79EFBC}") = "ItogovProjectM16.Tests", "ItogovProjectM16.Tests\ItogovProjectM16.Tests.csproj", "{CEB1AD6F-8BA3-486C-95E4-790622CFB0DC}"
EndProject
Global
	GlobalSection(SolutionConfigurationPlatforms) = preSolution
		Debug|Any CPU = Debug|Any CPU
		Release|Any CPU = Release|Any CPU
	EndGlobalSection
	GlobalSection(ProjectConfigurationPlatforms) = postSolution
		{0D9BD78E-3004-4ADA-856E-B57D094EE18C}.Debug|Any CPU.ActiveCfg = Debug|Any CPU
		{0D9BD78E-3004-4ADA-856E-B57D094EE18C}.Debug|Any CPU.Build.0 = Debug|Any CPU
		{0D9BD78E-3004-4ADA-856E-B57D094EE18C}.Release|Any CPU.ActiveCfg = Release|Any CPU
		{0D9BD78E-3004-4ADA-856E-B57D094EE18C}.Release|Any CPU.Build.0 = Release|Any CPU
		{CEB1AD6F-8BA3-486C-95E4-790622CFB0DC}.Debug|Any CPU.ActiveCfg = Debug|Any CPU
		{CEB1AD6F-8BA3-486C-95E4-790622CFB0DC}.Debug|Any CPU.Build.0 = Debug|Any CPU
		{CEB1AD6F-8BA3-486C-95E4-790622CFB0DC}.Release|Any CPU.ActiveCfg = Release|Any CPU
		{CEB1AD6F-8BA3-486C-95E4-790622CFB0DC}.Release|Any CPU.Build.0 = Release|Any CPU
	EndGlobalSection
	GlobalSection(SolutionProperties) = preSolution
		HideSolutionNode = FALSE
	EndGlobalSection
	GlobalSection(ExtensibilityGlobals) = postSolution
		SolutionGuid = {B86174A2-047D-4D92-B3BD-BED881378229}
	EndGlobalSection
EndGlobal
